
Microsoft Visual Studio Solution File, Format Version 12.00
# Visual Studio Version 17
VisualStudioVersion = 17.3.32825.248
MinimumVisualStudioVersion = 10.0.40219.1
Project("{9A19103F-16F7-4668-BE54-9A1E7A4F7556}") = "Perpustakaan", "Perpustakaan\Perpustakaan.csproj", "{48E4D291-03F9-4C8F-9787-5C65B2094B42}"
EndProject
Project("{9A19103F-16F7-4668-BE54-9A1E7A4F7556}") = "DataService", "DataService\DataService.csproj", "{AB7222E3-A224-4DC1-95F5-B20F1F257849}"
EndProject
Project("{9A19103F-16F7-4668-BE54-9A1E7A4F7556}") = "Blazor_Introduction", "Blazor_Introduction\Blazor_Introduction.csproj", "{5C4C7C41-A5BC-470C-8E8B-277A5FA8F7E1}"
EndProject
Project("{FAE04EC0-301F-11D3-BF4B-00C04F79EFBC}") = "MudBlazor_Introduction", "MudBlazor_Introduction\MudBlazor_Introduction.csproj", "{6C6FC470-4EC7-434B-8ECB-C9CE35D9F218}"
EndProject
Project("{FAE04EC0-301F-11D3-BF4B-00C04F79EFBC}") = "MudBlazor_InputComponent", "MudBlazor_InputComponent\MudBlazor_InputComponent.csproj", "{46684B0D-FF72-4A66-90F4-DD379ADF3479}"
EndProject
Global
	GlobalSection(SolutionConfigurationPlatforms) = preSolution
		Debug|Any CPU = Debug|Any CPU
		Release|Any CPU = Release|Any CPU
	EndGlobalSection
	GlobalSection(ProjectConfigurationPlatforms) = postSolution
		{48E4D291-03F9-4C8F-9787-5C65B2094B42}.Debug|Any CPU.ActiveCfg = Debug|Any CPU
		{48E4D291-03F9-4C8F-9787-5C65B2094B42}.Debug|Any CPU.Build.0 = Debug|Any CPU
		{48E4D291-03F9-4C8F-9787-5C65B2094B42}.Release|Any CPU.ActiveCfg = Release|Any CPU
		{48E4D291-03F9-4C8F-9787-5C65B2094B42}.Release|Any CPU.Build.0 = Release|Any CPU
		{AB7222E3-A224-4DC1-95F5-B20F1F257849}.Debug|Any CPU.ActiveCfg = Debug|Any CPU
		{AB7222E3-A224-4DC1-95F5-B20F1F257849}.Debug|Any CPU.Build.0 = Debug|Any CPU
		{AB7222E3-A224-4DC1-95F5-B20F1F257849}.Release|Any CPU.ActiveCfg = Release|Any CPU
		{AB7222E3-A224-4DC1-95F5-B20F1F257849}.Release|Any CPU.Build.0 = Release|Any CPU
		{5C4C7C41-A5BC-470C-8E8B-277A5FA8F7E1}.Debug|Any CPU.ActiveCfg = Debug|Any CPU
		{5C4C7C41-A5BC-470C-8E8B-277A5FA8F7E1}.Debug|Any CPU.Build.0 = Debug|Any CPU
		{5C4C7C41-A5BC-470C-8E8B-277A5FA8F7E1}.Release|Any CPU.ActiveCfg = Release|Any CPU
		{5C4C7C41-A5BC-470C-8E8B-277A5FA8F7E1}.Release|Any CPU.Build.0 = Release|Any CPU
		{6C6FC470-4EC7-434B-8ECB-C9CE35D9F218}.Debug|Any CPU.ActiveCfg = Debug|Any CPU
		{6C6FC470-4EC7-434B-8ECB-C9CE35D9F218}.Debug|Any CPU.Build.0 = Debug|Any CPU
		{6C6FC470-4EC7-434B-8ECB-C9CE35D9F218}.Release|Any CPU.ActiveCfg = Release|Any CPU
		{6C6FC470-4EC7-434B-8ECB-C9CE35D9F218}.Release|Any CPU.Build.0 = Release|Any CPU
		{46684B0D-FF72-4A66-90F4-DD379ADF3479}.Debug|Any CPU.ActiveCfg = Debug|Any CPU
		{46684B0D-FF72-4A66-90F4-DD379ADF3479}.Debug|Any CPU.Build.0 = Debug|Any CPU
		{46684B0D-FF72-4A66-90F4-DD379ADF3479}.Release|Any CPU.ActiveCfg = Release|Any CPU
		{46684B0D-FF72-4A66-90F4-DD379ADF3479}.Release|Any CPU.Build.0 = Release|Any CPU
	EndGlobalSection
	GlobalSection(SolutionProperties) = preSolution
		HideSolutionNode = FALSE
	EndGlobalSection
	GlobalSection(ExtensibilityGlobals) = postSolution
		SolutionGuid = {EDCE65A2-3917-45E3-A2B1-1884B4F22000}
	EndGlobalSection
EndGlobal
